
Microsoft Visual Studio Solution File, Format Version 12.00
# Visual Studio Version 16
VisualStudioVersion = 16.0.31424.327
MinimumVisualStudioVersion = 10.0.40219.1
Project("{FAE04EC0-301F-11D3-BF4B-00C04F79EFBC}") = "SharpRID", "SharpRID\SharpRID.csproj", "{7C60DDD5-8165-4FBD-B712-7A40FAAE237C}"
EndProject
Global
	GlobalSection(SolutionConfigurationPlatforms) = preSolution
		Debug|Any CPU = Debug|Any CPU
		Release|Any CPU = Release|Any CPU
	EndGlobalSection
	GlobalSection(ProjectConfigurationPlatforms) = postSolution
		{7C60DDD5-8165-4FBD-B712-7A40FAAE237C}.Debug|Any CPU.ActiveCfg = Debug|Any CPU
		{7C60DDD5-8165-4FBD-B712-7A40FAAE237C}.Debug|Any CPU.Build.0 = Debug|Any CPU
		{7C60DDD5-8165-4FBD-B712-7A40FAAE237C}.Release|Any CPU.ActiveCfg = Release|Any CPU
		{7C60DDD5-8165-4FBD-B712-7A40FAAE237C}.Release|Any CPU.Build.0 = Release|Any CPU
	EndGlobalSection
	GlobalSection(SolutionProperties) = preSolution
		HideSolutionNode = FALSE
	EndGlobalSection
	GlobalSection(ExtensibilityGlobals) = postSolution
		SolutionGuid = {4D42355D-626B-4156-9015-B261773735EA}
	EndGlobalSection
EndGlobal
